
Microsoft Visual Studio Solution File, Format Version 12.00
# Visual Studio Version 17
VisualStudioVersion = 17.9.34616.47
MinimumVisualStudioVersion = 10.0.40219.1
Project("{2150E333-8FDC-42A3-9474-1A3956D46DE8}") = "1,API", "1,API", "{CC4C40BC-C3AB-4726-91AB-5EDB91638DDD}"
EndProject
Project("{2150E333-8FDC-42A3-9474-1A3956D46DE8}") = "4.Core", "4.Core", "{60D69A74-478A-46A5-B6C5-8F586A8CCA91}"
EndProject
Project("{9A19103F-16F7-4668-BE54-9A1E7A4F7556}") = "ApiPresentacion", "ApiPresentacion\ApiPresentacion.csproj", "{AF3D8997-66D8-40E6-AAAE-1A4529C3797C}"
EndProject
Project("{9A19103F-16F7-4668-BE54-9A1E7A4F7556}") = "Core", "Core\Core.csproj", "{0AC05F6C-185D-4FF4-90B3-544E33D33CFF}"
EndProject
Project("{2150E333-8FDC-42A3-9474-1A3956D46DE8}") = "2.Domian", "2.Domian", "{1C865FA2-8F62-43D7-B7FB-0767F5785397}"
EndProject
Project("{2150E333-8FDC-42A3-9474-1A3956D46DE8}") = "3.Infraestructure", "3.Infraestructure", "{E62D9BD7-00D6-4D49-A4CB-923AE6751147}"
EndProject
Project("{9A19103F-16F7-4668-BE54-9A1E7A4F7556}") = "Domain", "Domain\Domain.csproj", "{BE88F1CB-B49E-404D-B4EA-1DDDBA7672A6}"
EndProject
Project("{9A19103F-16F7-4668-BE54-9A1E7A4F7556}") = "Infraestructure", "Infraestructure\Infraestructure.csproj", "{035B74EC-B371-4211-9C0A-468BED54A4B6}"
EndProject
Global
	GlobalSection(SolutionConfigurationPlatforms) = preSolution
		Debug|Any CPU = Debug|Any CPU
		Release|Any CPU = Release|Any CPU
	EndGlobalSection
	GlobalSection(ProjectConfigurationPlatforms) = postSolution
		{AF3D8997-66D8-40E6-AAAE-1A4529C3797C}.Debug|Any CPU.ActiveCfg = Debug|Any CPU
		{AF3D8997-66D8-40E6-AAAE-1A4529C3797C}.Debug|Any CPU.Build.0 = Debug|Any CPU
		{AF3D8997-66D8-40E6-AAAE-1A4529C3797C}.Release|Any CPU.ActiveCfg = Release|Any CPU
		{AF3D8997-66D8-40E6-AAAE-1A4529C3797C}.Release|Any CPU.Build.0 = Release|Any CPU
		{0AC05F6C-185D-4FF4-90B3-544E33D33CFF}.Debug|Any CPU.ActiveCfg = Debug|Any CPU
		{0AC05F6C-185D-4FF4-90B3-544E33D33CFF}.Debug|Any CPU.Build.0 = Debug|Any CPU
		{0AC05F6C-185D-4FF4-90B3-544E33D33CFF}.Release|Any CPU.ActiveCfg = Release|Any CPU
		{0AC05F6C-185D-4FF4-90B3-544E33D33CFF}.Release|Any CPU.Build.0 = Release|Any CPU
		{BE88F1CB-B49E-404D-B4EA-1DDDBA7672A6}.Debug|Any CPU.ActiveCfg = Debug|Any CPU
		{BE88F1CB-B49E-404D-B4EA-1DDDBA7672A6}.Debug|Any CPU.Build.0 = Debug|Any CPU
		{BE88F1CB-B49E-404D-B4EA-1DDDBA7672A6}.Release|Any CPU.ActiveCfg = Release|Any CPU
		{BE88F1CB-B49E-404D-B4EA-1DDDBA7672A6}.Release|Any CPU.Build.0 = Release|Any CPU
		{035B74EC-B371-4211-9C0A-468BED54A4B6}.Debug|Any CPU.ActiveCfg = Debug|Any CPU
		{035B74EC-B371-4211-9C0A-468BED54A4B6}.Debug|Any CPU.Build.0 = Debug|Any CPU
		{035B74EC-B371-4211-9C0A-468BED54A4B6}.Release|Any CPU.ActiveCfg = Release|Any CPU
		{035B74EC-B371-4211-9C0A-468BED54A4B6}.Release|Any CPU.Build.0 = Release|Any CPU
	EndGlobalSection
	GlobalSection(SolutionProperties) = preSolution
		HideSolutionNode = FALSE
	EndGlobalSection
	GlobalSection(NestedProjects) = preSolution
		{AF3D8997-66D8-40E6-AAAE-1A4529C3797C} = {CC4C40BC-C3AB-4726-91AB-5EDB91638DDD}
		{0AC05F6C-185D-4FF4-90B3-544E33D33CFF} = {60D69A74-478A-46A5-B6C5-8F586A8CCA91}
		{BE88F1CB-B49E-404D-B4EA-1DDDBA7672A6} = {1C865FA2-8F62-43D7-B7FB-0767F5785397}
		{035B74EC-B371-4211-9C0A-468BED54A4B6} = {E62D9BD7-00D6-4D49-A4CB-923AE6751147}
	EndGlobalSection
	GlobalSection(ExtensibilityGlobals) = postSolution
		SolutionGuid = {17BC6797-1C93-4810-9F84-251D553245E7}
	EndGlobalSection
EndGlobal
